
Microsoft Visual Studio Solution File, Format Version 12.00
# Visual Studio Version 16
VisualStudioVersion = 16.0.30114.105
MinimumVisualStudioVersion = 10.0.40219.1
Project("{FAE04EC0-301F-11D3-BF4B-00C04F79EFBC}") = "SimplePwshInterpretorLib", "SimplePwshInterpretorLib\SimplePwshInterpretorLib.csproj", "{6E637886-1161-4095-B1C0-A69882C6484A}"
EndProject
Project("{FAE04EC0-301F-11D3-BF4B-00C04F79EFBC}") = "SimplePwshInterpreterConsole", "SimplePwshInterpreterConsole\SimplePwshInterpreterConsole.csproj", "{DCC00C97-B96E-4A31-ABB1-DF1CEC96B30E}"
EndProject
Global
	GlobalSection(SolutionConfigurationPlatforms) = preSolution
		Debug|Any CPU = Debug|Any CPU
		Debug|x64 = Debug|x64
		Debug|x86 = Debug|x86
		Release|Any CPU = Release|Any CPU
		Release|x64 = Release|x64
		Release|x86 = Release|x86
	EndGlobalSection
	GlobalSection(SolutionProperties) = preSolution
		HideSolutionNode = FALSE
	EndGlobalSection
	GlobalSection(ProjectConfigurationPlatforms) = postSolution
		{6E637886-1161-4095-B1C0-A69882C6484A}.Debug|Any CPU.ActiveCfg = Debug|Any CPU
		{6E637886-1161-4095-B1C0-A69882C6484A}.Debug|Any CPU.Build.0 = Debug|Any CPU
		{6E637886-1161-4095-B1C0-A69882C6484A}.Debug|x64.ActiveCfg = Debug|Any CPU
		{6E637886-1161-4095-B1C0-A69882C6484A}.Debug|x64.Build.0 = Debug|Any CPU
		{6E637886-1161-4095-B1C0-A69882C6484A}.Debug|x86.ActiveCfg = Debug|Any CPU
		{6E637886-1161-4095-B1C0-A69882C6484A}.Debug|x86.Build.0 = Debug|Any CPU
		{6E637886-1161-4095-B1C0-A69882C6484A}.Release|Any CPU.ActiveCfg = Release|Any CPU
		{6E637886-1161-4095-B1C0-A69882C6484A}.Release|Any CPU.Build.0 = Release|Any CPU
		{6E637886-1161-4095-B1C0-A69882C6484A}.Release|x64.ActiveCfg = Release|Any CPU
		{6E637886-1161-4095-B1C0-A69882C6484A}.Release|x64.Build.0 = Release|Any CPU
		{6E637886-1161-4095-B1C0-A69882C6484A}.Release|x86.ActiveCfg = Release|Any CPU
		{6E637886-1161-4095-B1C0-A69882C6484A}.Release|x86.Build.0 = Release|Any CPU
		{DCC00C97-B96E-4A31-ABB1-DF1CEC96B30E}.Debug|Any CPU.ActiveCfg = Debug|Any CPU
		{DCC00C97-B96E-4A31-ABB1-DF1CEC96B30E}.Debug|Any CPU.Build.0 = Debug|Any CPU
		{DCC00C97-B96E-4A31-ABB1-DF1CEC96B30E}.Debug|x64.ActiveCfg = Debug|Any CPU
		{DCC00C97-B96E-4A31-ABB1-DF1CEC96B30E}.Debug|x64.Build.0 = Debug|Any CPU
		{DCC00C97-B96E-4A31-ABB1-DF1CEC96B30E}.Debug|x86.ActiveCfg = Debug|Any CPU
		{DCC00C97-B96E-4A31-ABB1-DF1CEC96B30E}.Debug|x86.Build.0 = Debug|Any CPU
		{DCC00C97-B96E-4A31-ABB1-DF1CEC96B30E}.Release|Any CPU.ActiveCfg = Release|Any CPU
		{DCC00C97-B96E-4A31-ABB1-DF1CEC96B30E}.Release|Any CPU.Build.0 = Release|Any CPU
		{DCC00C97-B96E-4A31-ABB1-DF1CEC96B30E}.Release|x64.ActiveCfg = Release|Any CPU
		{DCC00C97-B96E-4A31-ABB1-DF1CEC96B30E}.Release|x64.Build.0 = Release|Any CPU
		{DCC00C97-B96E-4A31-ABB1-DF1CEC96B30E}.Release|x86.ActiveCfg = Release|Any CPU
		{DCC00C97-B96E-4A31-ABB1-DF1CEC96B30E}.Release|x86.Build.0 = Release|Any CPU
	EndGlobalSection
EndGlobal
